
Microsoft Visual Studio Solution File, Format Version 12.00
# Visual Studio Version 16
VisualStudioVersion = 16.0.31205.134
MinimumVisualStudioVersion = 10.0.40219.1
Project("{FAE04EC0-301F-11D3-BF4B-00C04F79EFBC}") = "201735018EMS", "201735018EMS\201735018EMS.csproj", "{B1087365-1CB5-447B-97B7-C5F6133A9AF0}"
EndProject
Global
	GlobalSection(SolutionConfigurationPlatforms) = preSolution
		Debug|Any CPU = Debug|Any CPU
		Release|Any CPU = Release|Any CPU
	EndGlobalSection
	GlobalSection(ProjectConfigurationPlatforms) = postSolution
		{B1087365-1CB5-447B-97B7-C5F6133A9AF0}.Debug|Any CPU.ActiveCfg = Debug|Any CPU
		{B1087365-1CB5-447B-97B7-C5F6133A9AF0}.Debug|Any CPU.Build.0 = Debug|Any CPU
		{B1087365-1CB5-447B-97B7-C5F6133A9AF0}.Release|Any CPU.ActiveCfg = Release|Any CPU
		{B1087365-1CB5-447B-97B7-C5F6133A9AF0}.Release|Any CPU.Build.0 = Release|Any CPU
	EndGlobalSection
	GlobalSection(SolutionProperties) = preSolution
		HideSolutionNode = FALSE
	EndGlobalSection
	GlobalSection(ExtensibilityGlobals) = postSolution
		SolutionGuid = {87ACBC60-BD6F-42EF-BCBF-E4C54DC42864}
	EndGlobalSection
EndGlobal
